
Microsoft Visual Studio Solution File, Format Version 12.00
# Visual Studio Version 17
VisualStudioVersion = 17.4.33205.214
MinimumVisualStudioVersion = 10.0.40219.1
Project("{FAE04EC0-301F-11D3-BF4B-00C04F79EFBC}") = "Insurance", "Insurance\Insurance.csproj", "{E8ADDF44-5E53-477D-BDA8-8398B841BA57}"
EndProject
Global
	GlobalSection(SolutionConfigurationPlatforms) = preSolution
		Debug|Any CPU = Debug|Any CPU
		Release|Any CPU = Release|Any CPU
	EndGlobalSection
	GlobalSection(ProjectConfigurationPlatforms) = postSolution
		{E8ADDF44-5E53-477D-BDA8-8398B841BA57}.Debug|Any CPU.ActiveCfg = Debug|Any CPU
		{E8ADDF44-5E53-477D-BDA8-8398B841BA57}.Debug|Any CPU.Build.0 = Debug|Any CPU
		{E8ADDF44-5E53-477D-BDA8-8398B841BA57}.Release|Any CPU.ActiveCfg = Release|Any CPU
		{E8ADDF44-5E53-477D-BDA8-8398B841BA57}.Release|Any CPU.Build.0 = Release|Any CPU
	EndGlobalSection
	GlobalSection(SolutionProperties) = preSolution
		HideSolutionNode = FALSE
	EndGlobalSection
	GlobalSection(ExtensibilityGlobals) = postSolution
		SolutionGuid = {43B69FD8-5ECD-4185-9BD5-FCF2A244DFC1}
	EndGlobalSection
EndGlobal
